
Microsoft Visual Studio Solution File, Format Version 12.00
# Visual Studio Version 16
VisualStudioVersion = 16.0.30611.23
MinimumVisualStudioVersion = 10.0.40219.1
Project("{FAE04EC0-301F-11D3-BF4B-00C04F79EFBC}") = "Ejercicio6_DINT_Tema2", "Ejercicio6_DINT_Tema2\Ejercicio6_DINT_Tema2.csproj", "{C1A94992-B408-42EE-976C-54521D00AE85}"
EndProject
Global
	GlobalSection(SolutionConfigurationPlatforms) = preSolution
		Debug|Any CPU = Debug|Any CPU
		Release|Any CPU = Release|Any CPU
	EndGlobalSection
	GlobalSection(ProjectConfigurationPlatforms) = postSolution
		{C1A94992-B408-42EE-976C-54521D00AE85}.Debug|Any CPU.ActiveCfg = Debug|Any CPU
		{C1A94992-B408-42EE-976C-54521D00AE85}.Debug|Any CPU.Build.0 = Debug|Any CPU
		{C1A94992-B408-42EE-976C-54521D00AE85}.Release|Any CPU.ActiveCfg = Release|Any CPU
		{C1A94992-B408-42EE-976C-54521D00AE85}.Release|Any CPU.Build.0 = Release|Any CPU
	EndGlobalSection
	GlobalSection(SolutionProperties) = preSolution
		HideSolutionNode = FALSE
	EndGlobalSection
	GlobalSection(ExtensibilityGlobals) = postSolution
		SolutionGuid = {5CABD6DD-1233-4DEA-9E0E-C49F982CF18B}
	EndGlobalSection
EndGlobal
